// !$*UTF8*$!
{
	archiveVersion = 1;
	classes = {
	};
	objectVersion = 50;
	objects = {

/* Begin PBXBuildFile section */
		D696043822E6E7BD008D2DAE /* AppDelegate.swift in Sources */ = {isa = PBXBuildFile; fileRef = D696043722E6E7BD008D2DAE /* AppDelegate.swift */; };
		D696043A22E6E7BD008D2DAE /* ViewController.swift in Sources */ = {isa = PBXBuildFile; fileRef = D696043922E6E7BD008D2DAE /* ViewController.swift */; };
		D696043D22E6E7BD008D2DAE /* Main.storyboard in Resources */ = {isa = PBXBuildFile; fileRef = D696043B22E6E7BD008D2DAE /* Main.storyboard */; };
		D696043F22E6E7BE008D2DAE /* Assets.xcassets in Resources */ = {isa = PBXBuildFile; fileRef = D696043E22E6E7BE008D2DAE /* Assets.xcassets */; };
		D696044222E6E7BE008D2DAE /* LaunchScreen.storyboard in Resources */ = {isa = PBXBuildFile; fileRef = D696044022E6E7BE008D2DAE /* LaunchScreen.storyboard */; };
		D696044D22E6E7BE008D2DAE /* demoTests.swift in Sources */ = {isa = PBXBuildFile; fileRef = D696044C22E6E7BE008D2DAE /* demoTests.swift */; };
		D696045822E6E7BE008D2DAE /* demoUITests.swift in Sources */ = {isa = PBXBuildFile; fileRef = D696045722E6E7BE008D2DAE /* demoUITests.swift */; };
/* End PBXBuildFile section */

/* Begin PBXContainerItemProxy section */
		D696044922E6E7BE008D2DAE /* PBXContainerItemProxy */ = {
			isa = PBXContainerItemProxy;
			containerPortal = D696042C22E6E7BD008D2DAE /* Project object */;
			proxyType = 1;
			remoteGlobalIDString = D696043322E6E7BD008D2DAE;
			remoteInfo = demo;
		};
		D696045422E6E7BE008D2DAE /* PBXContainerItemProxy */ = {
			isa = PBXContainerItemProxy;
			containerPortal = D696042C22E6E7BD008D2DAE /* Project object */;
			proxyType = 1;
			remoteGlobalIDString = D696043322E6E7BD008D2DAE;
			remoteInfo = demo;
		};
/* End PBXContainerItemProxy section */

/* Begin PBXFileReference section */
		D696043422E6E7BD008D2DAE /* demo.app */ = {isa = PBXFileReference; explicitFileType = wrapper.application; includeInIndex = 0; path = demo.app; sourceTree = BUILT_PRODUCTS_DIR; };
		D696043722E6E7BD008D2DAE /* AppDelegate.swift */ = {isa = PBXFileReference; lastKnownFileType = sourcecode.swift; path = AppDelegate.swift; sourceTree = "<group>"; };
		D696043922E6E7BD008D2DAE /* ViewController.swift */ = {isa = PBXFileReference; lastKnownFileType = sourcecode.swift; path = ViewController.swift; sourceTree = "<group>"; };
		D696043C22E6E7BD008D2DAE /* Base */ = {isa = PBXFileReference; lastKnownFileType = file.storyboard; name = Base; path = Base.lproj/Main.storyboard; sourceTree = "<group>"; };
		D696043E22E6E7BE008D2DAE /* Assets.xcassets */ = {isa = PBXFileReference; lastKnownFileType = folder.assetcatalog; path = Assets.xcassets; sourceTree = "<group>"; };
		D696044122E6E7BE008D2DAE /* Base */ = {isa = PBXFileReference; lastKnownFileType = file.storyboard; name = Base; path = Base.lproj/LaunchScreen.storyboard; sourceTree = "<group>"; };
		D696044322E6E7BE008D2DAE /* Info.plist */ = {isa = PBXFileReference; lastKnownFileType = text.plist.xml; path = Info.plist; sourceTree = "<group>"; };
		D696044822E6E7BE008D2DAE /* demoTests.xctest */ = {isa = PBXFileReference; explicitFileType = wrapper.cfbundle; includeInIndex = 0; path = demoTests.xctest; sourceTree = BUILT_PRODUCTS_DIR; };
		D696044C22E6E7BE008D2DAE /* demoTests.swift */ = {isa = PBXFileReference; lastKnownFileType = sourcecode.swift; path = demoTests.swift; sourceTree = "<group>"; };
		D696044E22E6E7BE008D2DAE /* Info.plist */ = {isa = PBXFileReference; lastKnownFileType = text.plist.xml; path = Info.plist; sourceTree = "<group>"; };
		D696045322E6E7BE008D2DAE /* demoUITests.xctest */ = {isa = PBXFileReference; explicitFileType = wrapper.cfbundle; includeInIndex = 0; path = demoUITests.xctest; sourceTree = BUILT_PRODUCTS_DIR; };
		D696045722E6E7BE008D2DAE /* demoUITests.swift */ = {isa = PBXFileReference; lastKnownFileType = sourcecode.swift; path = demoUITests.swift; sourceTree = "<group>"; };
		D696045922E6E7BE008D2DAE /* Info.plist */ = {isa = PBXFileReference; lastKnownFileType = text.plist.xml; path = Info.plist; sourceTree = "<group>"; };
/* End PBXFileReference section */

/* Begin PBXFrameworksBuildPhase section */
		D696043122E6E7BD008D2DAE /* Frameworks */ = {
			isa = PBXFrameworksBuildPhase;
			buildActionMask = 2147483647;
			files = (
			);
			runOnlyForDeploymentPostprocessing = 0;
		};
		D696044522E6E7BE008D2DAE /* Frameworks */ = {
			isa = PBXFrameworksBuildPhase;
			buildActionMask = 2147483647;
			files = (
			);
			runOnlyForDeploymentPostprocessing = 0;
		};
		D696045022E6E7BE008D2DAE /* Frameworks */ = {
			isa = PBXFrameworksBuildPhase;
			buildActionMask = 2147483647;
			files = (
			);
			runOnlyForDeploymentPostprocessing = 0;
		};
/* End PBXFrameworksBuildPhase section */

/* Begin PBXGroup section */
		D696042B22E6E7BD008D2DAE = {
			isa = PBXGroup;
			children = (
				D696043622E6E7BD008D2DAE /* demo */,
				D696044B22E6E7BE008D2DAE /* demoTests */,
				D696045622E6E7BE008D2DAE /* demoUITests */,
				D696043522E6E7BD008D2DAE /* Products */,
			);
			sourceTree = "<group>";
		};
		D696043522E6E7BD008D2DAE /* Products */ = {
			isa = PBXGroup;
			children = (
				D696043422E6E7BD008D2DAE /* demo.app */,
				D696044822E6E7BE008D2DAE /* demoTests.xctest */,
				D696045322E6E7BE008D2DAE /* demoUITests.xctest */,
			);
			name = Products;
			sourceTree = "<group>";
		};
		D696043622E6E7BD008D2DAE /* demo */ = {
			isa = PBXGroup;
			children = (
				D696043722E6E7BD008D2DAE /* AppDelegate.swift */,
				D696043922E6E7BD008D2DAE /* ViewController.swift */,
				D696043B22E6E7BD008D2DAE /* Main.storyboard */,
				D696043E22E6E7BE008D2DAE /* Assets.xcassets */,
				D696044022E6E7BE008D2DAE /* LaunchScreen.storyboard */,
				D696044322E6E7BE008D2DAE /* Info.plist */,
			);
			path = demo;
			sourceTree = "<group>";
		};
		D696044B22E6E7BE008D2DAE /* demoTests */ = {
			isa = PBXGroup;
			children = (
				D696044C22E6E7BE008D2DAE /* demoTests.swift */,
				D696044E22E6E7BE008D2DAE /* Info.plist */,
			);
			path = demoTests;
			sourceTree = "<group>";
		};
		D696045622E6E7BE008D2DAE /* demoUITests */ = {
			isa = PBXGroup;
			children = (
				D696045722E6E7BE008D2DAE /* demoUITests.swift */,
				D696045922E6E7BE008D2DAE /* Info.plist */,
			);
			path = demoUITests;
			sourceTree = "<group>";
		};
/* End PBXGroup section */

/* Begin PBXNativeTarget section */
		D696043322E6E7BD008D2DAE /* demo */ = {
			isa = PBXNativeTarget;
			buildConfigurationList = D696045C22E6E7BE008D2DAE /* Build configuration list for PBXNativeTarget "demo" */;
			buildPhases = (
				D696043022E6E7BD008D2DAE /* Sources */,
				D696043122E6E7BD008D2DAE /* Frameworks */,
				D696043222E6E7BD008D2DAE /* Resources */,
			);
			buildRules = (
			);
			dependencies = (
			);
			name = demo;
			productName = demo;
			productReference = D696043422E6E7BD008D2DAE /* demo.app */;
			productType = "com.apple.product-type.application";
		};
		D696044722E6E7BE008D2DAE /* demoTests */ = {
			isa = PBXNativeTarget;
			buildConfigurationList = D696045F22E6E7BE008D2DAE /* Build configuration list for PBXNativeTarget "demoTests" */;
			buildPhases = (
				D696044422E6E7BE008D2DAE /* Sources */,
				D696044522E6E7BE008D2DAE /* Frameworks */,
				D696044622E6E7BE008D2DAE /* Resources */,
			);
			buildRules = (
			);
			dependencies = (
				D696044A22E6E7BE008D2DAE /* PBXTargetDependency */,
			);
			name = demoTests;
			productName = demoTests;
			productReference = D696044822E6E7BE008D2DAE /* demoTests.xctest */;
			productType = "com.apple.product-type.bundle.unit-test";
		};
		D696045222E6E7BE008D2DAE /* demoUITests */ = {
			isa = PBXNativeTarget;
			buildConfigurationList = D696046222E6E7BE008D2DAE /* Build configuration list for PBXNativeTarget "demoUITests" */;
			buildPhases = (
				D696044F22E6E7BE008D2DAE /* Sources */,
				D696045022E6E7BE008D2DAE /* Frameworks */,
				D696045122E6E7BE008D2DAE /* Resources */,
			);
			buildRules = (
			);
			dependencies = (
				D696045522E6E7BE008D2DAE /* PBXTargetDependency */,
			);
			name = demoUITests;
			productName = demoUITests;
			productReference = D696045322E6E7BE008D2DAE /* demoUITests.xctest */;
			productType = "com.apple.product-type.bundle.ui-testing";
		};
/* End PBXNativeTarget section */

/* Begin PBXProject section */
		D696042C22E6E7BD008D2DAE /* Project object */ = {
			isa = PBXProject;
			attributes = {
				LastSwiftUpdateCheck = 1020;
				LastUpgradeCheck = 1020;
				ORGANIZATIONNAME = "Kriti Agarwal";
				TargetAttributes = {
					D696043322E6E7BD008D2DAE = {
						CreatedOnToolsVersion = 10.2.1;
					};
					D696044722E6E7BE008D2DAE = {
						CreatedOnToolsVersion = 10.2.1;
						TestTargetID = D696043322E6E7BD008D2DAE;
					};
					D696045222E6E7BE008D2DAE = {
						CreatedOnToolsVersion = 10.2.1;
						TestTargetID = D696043322E6E7BD008D2DAE;
					};
				};
			};
			buildConfigurationList = D696042F22E6E7BD008D2DAE /* Build configuration list for PBXProject "demo" */;
			compatibilityVersion = "Xcode 9.3";
			developmentRegion = en;
			hasScannedForEncodings = 0;
			knownRegions = (
				en,
				Base,
			);
			mainGroup = D696042B22E6E7BD008D2DAE;
			productRefGroup = D696043522E6E7BD008D2DAE /* Products */;
			projectDirPath = "";
			projectRoot = "";
			targets = (
				D696043322E6E7BD008D2DAE /* demo */,
				D696044722E6E7BE008D2DAE /* demoTests */,
				D696045222E6E7BE008D2DAE /* demoUITests */,
			);
		};
/* End PBXProject section */

/* Begin PBXResourcesBuildPhase section */
		D696043222E6E7BD008D2DAE /* Resources */ = {
			isa = PBXResourcesBuildPhase;
			buildActionMask = 2147483647;
			files = (
				D696044222E6E7BE008D2DAE /* LaunchScreen.storyboard in Resources */,
				D696043F22E6E7BE008D2DAE /* Assets.xcassets in Resources */,
				D696043D22E6E7BD008D2DAE /* Main.storyboard in Resources */,
			);
			runOnlyForDeploymentPostprocessing = 0;
		};
		D696044622E6E7BE008D2DAE /* Resources */ = {
			isa = PBXResourcesBuildPhase;
			buildActionMask = 2147483647;
			files = (
			);
			runOnlyForDeploymentPostprocessing = 0;
		};
		D696045122E6E7BE008D2DAE /* Resources */ = {
			isa = PBXResourcesBuildPhase;
			buildActionMask = 2147483647;
			files = (
			);
			runOnlyForDeploymentPostprocessing = 0;
		};
/* End PBXResourcesBuildPhase section */

/* Begin PBXSourcesBuildPhase section */
		D696043022E6E7BD008D2DAE /* Sources */ = {
			isa = PBXSourcesBuildPhase;
			buildActionMask = 2147483647;
			files = (
				D696043A22E6E7BD008D2DAE /* ViewController.swift in Sources */,
				D696043822E6E7BD008D2DAE /* AppDelegate.swift in Sources */,
			);
			runOnlyForDeploymentPostprocessing = 0;
		};
		D696044422E6E7BE008D2DAE /* Sources */ = {
			isa = PBXSourcesBuildPhase;
			buildActionMask = 2147483647;
			files = (
				D696044D22E6E7BE008D2DAE /* demoTests.swift in Sources */,
			);
			runOnlyForDeploymentPostprocessing = 0;
		};
		D696044F22E6E7BE008D2DAE /* Sources */ = {
			isa = PBXSourcesBuildPhase;
			buildActionMask = 2147483647;
			files = (
				D696045822E6E7BE008D2DAE /* demoUITests.swift in Sources */,
			);
			runOnlyForDeploymentPostprocessing = 0;
		};
/* End PBXSourcesBuildPhase section */

/* Begin PBXTargetDependency section */
		D696044A22E6E7BE008D2DAE /* PBXTargetDependency */ = {
			isa = PBXTargetDependency;
			target = D696043322E6E7BD008D2DAE /* demo */;
			targetProxy = D696044922E6E7BE008D2DAE /* PBXContainerItemProxy */;
		};
		D696045522E6E7BE008D2DAE /* PBXTargetDependency */ = {
			isa = PBXTargetDependency;
			target = D696043322E6E7BD008D2DAE /* demo */;
			targetProxy = D696045422E6E7BE008D2DAE /* PBXContainerItemProxy */;
		};
/* End PBXTargetDependency section */

/* Begin PBXVariantGroup section */
		D696043B22E6E7BD008D2DAE /* Main.storyboard */ = {
			isa = PBXVariantGroup;
			children = (
				D696043C22E6E7BD008D2DAE /* Base */,
			);
			name = Main.storyboard;
			sourceTree = "<group>";
		};
		D696044022E6E7BE008D2DAE /* LaunchScreen.storyboard */ = {
			isa = PBXVariantGroup;
			children = (
				D696044122E6E7BE008D2DAE /* Base */,
			);
			name = LaunchScreen.storyboard;
			sourceTree = "<group>";
		};
/* End PBXVariantGroup section */

/* Begin XCBuildConfiguration section */
		D696045A22E6E7BE008D2DAE /* Debug */ = {
			isa = XCBuildConfiguration;
			buildSettings = {
				ALWAYS_SEARCH_USER_PATHS = NO;
				CLANG_ANALYZER_NONNULL = YES;
				CLANG_ANALYZER_NUMBER_OBJECT_CONVERSION = YES_AGGRESSIVE;
				CLANG_CXX_LANGUAGE_STANDARD = "gnu++14";
				CLANG_CXX_LIBRARY = "libc++";
				CLANG_ENABLE_MODULES = YES;
				CLANG_ENABLE_OBJC_ARC = YES;
				CLANG_ENABLE_OBJC_WEAK = YES;
				CLANG_WARN_BLOCK_CAPTURE_AUTORELEASING = YES;
				CLANG_WARN_BOOL_CONVERSION = YES;
				CLANG_WARN_COMMA = YES;
				CLANG_WARN_CONSTANT_CONVERSION = YES;
				CLANG_WARN_DEPRECATED_OBJC_IMPLEMENTATIONS = YES;
				CLANG_WARN_DIRECT_OBJC_ISA_USAGE = YES_ERROR;
				CLANG_WARN_DOCUMENTATION_COMMENTS = YES;
				CLANG_WARN_EMPTY_BODY = YES;
				CLANG_WARN_ENUM_CONVERSION = YES;
				CLANG_WARN_INFINITE_RECURSION = YES;
				CLANG_WARN_INT_CONVERSION = YES;
				CLANG_WARN_NON_LITERAL_NULL_CONVERSION = YES;
				CLANG_WARN_OBJC_IMPLICIT_RETAIN_SELF = YES;
				CLANG_WARN_OBJC_LITERAL_CONVERSION = YES;
				CLANG_WARN_OBJC_ROOT_CLASS = YES_ERROR;
				CLANG_WARN_RANGE_LOOP_ANALYSIS = YES;
				CLANG_WARN_STRICT_PROTOTYPES = YES;
				CLANG_WARN_SUSPICIOUS_MOVE = YES;
				CLANG_WARN_UNGUARDED_AVAILABILITY = YES_AGGRESSIVE;
				CLANG_WARN_UNREACHABLE_CODE = YES;
				CLANG_WARN__DUPLICATE_METHOD_MATCH = YES;
				CODE_SIGN_IDENTITY = "iPhone Developer";
				COPY_PHASE_STRIP = NO;
				DEBUG_INFORMATION_FORMAT = dwarf;
				ENABLE_STRICT_OBJC_MSGSEND = YES;
				ENABLE_TESTABILITY = YES;
				GCC_C_LANGUAGE_STANDARD = gnu11;
				GCC_DYNAMIC_NO_PIC = NO;
				GCC_NO_COMMON_BLOCKS = YES;
				GCC_OPTIMIZATION_LEVEL = 0;
				GCC_PREPROCESSOR_DEFINITIONS = (
					"DEBUG=1",
					"$(inherited)",
				);
				GCC_WARN_64_TO_32_BIT_CONVERSION = YES;
				GCC_WARN_ABOUT_RETURN_TYPE = YES_ERROR;
				GCC_WARN_UNDECLARED_SELECTOR = YES;
				GCC_WARN_UNINITIALIZED_AUTOS = YES_AGGRESSIVE;
				GCC_WARN_UNUSED_FUNCTION = YES;
				GCC_WARN_UNUSED_VARIABLE = YES;
				IPHONEOS_DEPLOYMENT_TARGET = 12.2;
				MTL_ENABLE_DEBUG_INFO = INCLUDE_SOURCE;
				MTL_FAST_MATH = YES;
				ONLY_ACTIVE_ARCH = YES;
				SDKROOT = iphoneos;
				SWIFT_ACTIVE_COMPILATION_CONDITIONS = DEBUG;
				SWIFT_OPTIMIZATION_LEVEL = "-Onone";
			};
			name = Debug;
		};
		D696045B22E6E7BE008D2DAE /* Release */ = {
			isa = XCBuildConfiguration;
			buildSettings = {
				ALWAYS_SEARCH_USER_PATHS = NO;
				CLANG_ANALYZER_NONNULL = YES;
				CLANG_ANALYZER_NUMBER_OBJECT_CONVERSION = YES_AGGRESSIVE;
				CLANG_CXX_LANGUAGE_STANDARD = "gnu++14";
				CLANG_CXX_LIBRARY = "libc++";
				CLANG_ENABLE_MODULES = YES;
				CLANG_ENABLE_OBJC_ARC = YES;
				CLANG_ENABLE_OBJC_WEAK = YES;
				CLANG_WARN_BLOCK_CAPTURE_AUTORELEASING = YES;
				CLANG_WARN_BOOL_CONVERSION = YES;
				CLANG_WARN_COMMA = YES;
				CLANG_WARN_CONSTANT_CONVERSION = YES;
				CLANG_WARN_DEPRECATED_OBJC_IMPLEMENTATIONS = YES;
				CLANG_WARN_DIRECT_OBJC_ISA_USAGE = YES_ERROR;
				CLANG_WARN_DOCUMENTATION_COMMENTS = YES;
				CLANG_WARN_EMPTY_BODY = YES;
				CLANG_WARN_ENUM_CONVERSION = YES;
				CLANG_WARN_INFINITE_RECURSION = YES;
				CLANG_WARN_INT_CONVERSION = YES;
				CLANG_WARN_NON_LITERAL_NULL_CONVERSION = YES;
				CLANG_WARN_OBJC_IMPLICIT_RETAIN_SELF = YES;
				CLANG_WARN_OBJC_LITERAL_CONVERSION = YES;
				CLANG_WARN_OBJC_ROOT_CLASS = YES_ERROR;
				CLANG_WARN_RANGE_LOOP_ANALYSIS = YES;
				CLANG_WARN_STRICT_PROTOTYPES = YES;
				CLANG_WARN_SUSPICIOUS_MOVE = YES;
				CLANG_WARN_UNGUARDED_AVAILABILITY = YES_AGGRESSIVE;
				CLANG_WARN_UNREACHABLE_CODE = YES;
				CLANG_WARN__DUPLICATE_METHOD_MATCH = YES;
				CODE_SIGN_IDENTITY = "iPhone Developer";
				COPY_PHASE_STRIP = NO;
				DEBUG_INFORMATION_FORMAT = "dwarf-with-dsym";
				ENABLE_NS_ASSERTIONS = NO;
				ENABLE_STRICT_OBJC_MSGSEND = YES;
				GCC_C_LANGUAGE_STANDARD = gnu11;
				GCC_NO_COMMON_BLOCKS = YES;
				GCC_WARN_64_TO_32_BIT_CONVERSION = YES;
				GCC_WARN_ABOUT_RETURN_TYPE = YES_ERROR;
				GCC_WARN_UNDECLARED_SELECTOR = YES;
				GCC_WARN_UNINITIALIZED_AUTOS = YES_AGGRESSIVE;
				GCC_WARN_UNUSED_FUNCTION = YES;
				GCC_WARN_UNUSED_VARIABLE = YES;
				IPHONEOS_DEPLOYMENT_TARGET = 12.2;
				MTL_ENABLE_DEBUG_INFO = NO;
				MTL_FAST_MATH = YES;
				SDKROOT = iphoneos;
				SWIFT_COMPILATION_MODE = wholemodule;
				SWIFT_OPTIMIZATION_LEVEL = "-O";
				VALIDATE_PRODUCT = YES;
			};
			name = Release;
		};
		D696045D22E6E7BE008D2DAE /* Debug */ = {
			isa = XCBuildConfiguration;
			buildSettings = {
				ASSETCATALOG_COMPILER_APPICON_NAME = AppIcon;
				CODE_SIGN_STYLE = Automatic;
				DEVELOPMENT_TEAM = XXY5DGP7HA;
				INFOPLIST_FILE = demo/Info.plist;
				LD_RUNPATH_SEARCH_PATHS = (
					"$(inherited)",
					"@executable_path/Frameworks",
				);
				PRODUCT_BUNDLE_IDENTIFIER = com.kritiagarwal.demo;
				PRODUCT_NAME = "$(TARGET_NAME)";
				SWIFT_VERSION = 5.0;
				TARGETED_DEVICE_FAMILY = "1,2";
			};
			name = Debug;
		};
		D696045E22E6E7BE008D2DAE /* Release */ = {
			isa = XCBuildConfiguration;
			buildSettings = {
				ASSETCATALOG_COMPILER_APPICON_NAME = AppIcon;
				CODE_SIGN_STYLE = Automatic;
				DEVELOPMENT_TEAM = XXY5DGP7HA;
				INFOPLIST_FILE = demo/Info.plist;
				LD_RUNPATH_SEARCH_PATHS = (
					"$(inherited)",
					"@executable_path/Frameworks",
				);
				PRODUCT_BUNDLE_IDENTIFIER = com.kritiagarwal.demo;
				PRODUCT_NAME = "$(TARGET_NAME)";
				SWIFT_VERSION = 5.0;
				TARGETED_DEVICE_FAMILY = "1,2";
			};
			name = Release;
		};
		D696046022E6E7BE008D2DAE /* Debug */ = {
			isa = XCBuildConfiguration;
			buildSettings = {
				ALWAYS_EMBED_SWIFT_STANDARD_LIBRARIES = YES;
				BUNDLE_LOADER = "$(TEST_HOST)";
				CODE_SIGN_STYLE = Automatic;
				DEVELOPMENT_TEAM = XXY5DGP7HA;
				INFOPLIST_FILE = demoTests/Info.plist;
				LD_RUNPATH_SEARCH_PATHS = (
					"$(inherited)",
					"@executable_path/Frameworks",
					"@loader_path/Frameworks",
				);
				PRODUCT_BUNDLE_IDENTIFIER = com.kritiagarwal.demoTests;
				PRODUCT_NAME = "$(TARGET_NAME)";
				SWIFT_VERSION = 5.0;
				TARGETED_DEVICE_FAMILY = "1,2";
				TEST_HOST = "$(BUILT_PRODUCTS_DIR)/demo.app/demo";
			};
			name = Debug;
		};
		D696046122E6E7BE008D2DAE /* Release */ = {
			isa = XCBuildConfiguration;
			buildSettings = {
				ALWAYS_EMBED_SWIFT_STANDARD_LIBRARIES = YES;
				BUNDLE_LOADER = "$(TEST_HOST)";
				CODE_SIGN_STYLE = Automatic;
				DEVELOPMENT_TEAM = XXY5DGP7HA;
				INFOPLIST_FILE = demoTests/Info.plist;
				LD_RUNPATH_SEARCH_PATHS = (
					"$(inherited)",
					"@executable_path/Frameworks",
					"@loader_path/Frameworks",
				);
				PRODUCT_BUNDLE_IDENTIFIER = com.kritiagarwal.demoTests;
				PRODUCT_NAME = "$(TARGET_NAME)";
				SWIFT_VERSION = 5.0;
				TARGETED_DEVICE_FAMILY = "1,2";
				TEST_HOST = "$(BUILT_PRODUCTS_DIR)/demo.app/demo";
			};
			name = Release;
		};
		D696046322E6E7BE008D2DAE /* Debug */ = {
			isa = XCBuildConfiguration;
			buildSettings = {
				ALWAYS_EMBED_SWIFT_STANDARD_LIBRARIES = YES;
				CODE_SIGN_STYLE = Automatic;
				DEVELOPMENT_TEAM = XXY5DGP7HA;
				INFOPLIST_FILE = demoUITests/Info.plist;
				LD_RUNPATH_SEARCH_PATHS = (
					"$(inherited)",
					"@executable_path/Frameworks",
					"@loader_path/Frameworks",
				);
				PRODUCT_BUNDLE_IDENTIFIER = com.kritiagarwal.demoUITests;
				PRODUCT_NAME = "$(TARGET_NAME)";
				SWIFT_VERSION = 5.0;
				TARGETED_DEVICE_FAMILY = "1,2";
				TEST_TARGET_NAME = demo;
			};
			name = Debug;
		};
		D696046422E6E7BE008D2DAE /* Release */ = {
			isa = XCBuildConfiguration;
			buildSettings = {
				ALWAYS_EMBED_SWIFT_STANDARD_LIBRARIES = YES;
				CODE_SIGN_STYLE = Automatic;
				DEVELOPMENT_TEAM = XXY5DGP7HA;
				INFOPLIST_FILE = demoUITests/Info.plist;
				LD_RUNPATH_SEARCH_PATHS = (
					"$(inherited)",
					"@executable_path/Frameworks",
					"@loader_path/Frameworks",
				);
				PRODUCT_BUNDLE_IDENTIFIER = com.kritiagarwal.demoUITests;
				PRODUCT_NAME = "$(TARGET_NAME)";
				SWIFT_VERSION = 5.0;
				TARGETED_DEVICE_FAMILY = "1,2";
				TEST_TARGET_NAME = demo;
			};
			name = Release;
		};
/* End XCBuildConfiguration section */

/* Begin XCConfigurationList section */
		D696042F22E6E7BD008D2DAE /* Build configuration list for PBXProject "demo" */ = {
			isa = XCConfigurationList;
			buildConfigurations = (
				D696045A22E6E7BE008D2DAE /* Debug */,
				D696045B22E6E7BE008D2DAE /* Release */,
			);
			defaultConfigurationIsVisible = 0;
			defaultConfigurationName = Release;
		};
		D696045C22E6E7BE008D2DAE /* Build configuration list for PBXNativeTarget "demo" */ = {
			isa = XCConfigurationList;
			buildConfigurations = (
				D696045D22E6E7BE008D2DAE /* Debug */,
				D696045E22E6E7BE008D2DAE /* Release */,
			);
			defaultConfigurationIsVisible = 0;
			defaultConfigurationName = Release;
		};
		D696045F22E6E7BE008D2DAE /* Build configuration list for PBXNativeTarget "demoTests" */ = {
			isa = XCConfigurationList;
			buildConfigurations = (
				D696046022E6E7BE008D2DAE /* Debug */,
				D696046122E6E7BE008D2DAE /* Release */,
			);
			defaultConfigurationIsVisible = 0;
			defaultConfigurationName = Release;
		};
		D696046222E6E7BE008D2DAE /* Build configuration list for PBXNativeTarget "demoUITests" */ = {
			isa = XCConfigurationList;
			buildConfigurations = (
				D696046322E6E7BE008D2DAE /* Debug */,
				D696046422E6E7BE008D2DAE /* Release */,
			);
			defaultConfigurationIsVisible = 0;
			defaultConfigurationName = Release;
		};
/* End XCConfigurationList section */
	};
	rootObject = D696042C22E6E7BD008D2DAE /* Project object */;
}
